{
  "name": "mammal",
  "version": "0.0.1",
  "lockfileVersion": 3,
  "requires": true,
  "packages": {
    "": {
      "name": "mammal",
      "version": "0.0.1",
      "workspaces": [
        "packages/*"
      ]
    },
    "node_modules/mammal-component-direct": {
      "resolved": "packages/mammal-component-direct",
      "link": true
    },
    "node_modules/mammal-core": {
      "resolved": "packages/mammal-core",
      "link": true
    },
    "packages/mammal-component-direct": {
      "version": "0.0.1",
      "dependencies": {
        "mammal-core": "*"
      }
    },
    "packages/mammal-core": {
      "version": "0.0.1"
    }
  }
}
