{
  "name": "camel-lite",
  "version": "1.0.0",
  "lockfileVersion": 3,
  "requires": true,
  "packages": {
    "": {
      "name": "camel-lite",
      "version": "1.0.0",
      "workspaces": [
        "packages/*"
      ]
    },
    "../boot/packages/boot-hono": {
      "name": "@alt-javascript/boot-hono",
      "version": "3.0.7",
      "license": "MIT",
      "dependencies": {
        "@alt-javascript/cdi": "3.0.7",
        "@hono/node-server": "^1.19.11",
        "hono": "^4.0.0"
      },
      "devDependencies": {
        "@alt-javascript/boot": "3.0.7",
        "@alt-javascript/boot-jsdbc": "3.0.7",
        "@alt-javascript/config": "3.0.7",
        "@alt-javascript/jsdbc-sqljs": "^1.0.0",
        "@alt-javascript/jsdbc-template": "*",
        "@alt-javascript/logger": "3.0.7",
        "chai": "^4.3.7",
        "mocha": "^11.7.5"
      },
      "engines": {
        "node": ">=20"
      }
    },
    "../boot/packages/boot-hono/node_modules/assertion-error": {
      "version": "1.1.0",
      "dev": true,
      "license": "MIT",
      "engines": {
        "node": "*"
      }
    },
    "../boot/packages/boot-hono/node_modules/chai": {
      "version": "4.5.0",
      "dev": true,
      "license": "MIT",
      "dependencies": {
        "assertion-error": "^1.1.0",
        "check-error": "^1.0.3",
        "deep-eql": "^4.1.3",
        "get-func-name": "^2.0.2",
        "loupe": "^2.3.6",
        "pathval": "^1.1.1",
        "type-detect": "^4.1.0"
      },
      "engines": {
        "node": ">=4"
      }
    },
    "node_modules/@alt-javascript/boot": {
      "version": "3.0.7",
      "license": "MIT",
      "dependencies": {
        "@alt-javascript/cdi": "3.0.7",
        "@alt-javascript/common": "3.0.7",
        "@alt-javascript/config": "3.0.7",
        "@alt-javascript/logger": "3.0.7"
      },
      "engines": {
        "node": ">=20"
      }
    },
    "node_modules/@alt-javascript/boot-camel-lite-extras-starter": {
      "resolved": "packages/boot-camel-lite-extras-starter",
      "link": true
    },
    "node_modules/@alt-javascript/boot-camel-lite-starter": {
      "resolved": "packages/boot-camel-lite-starter",
      "link": true
    },
    "node_modules/@alt-javascript/boot-hono": {
      "resolved": "../boot/packages/boot-hono",
      "link": true
    },
    "node_modules/@alt-javascript/camel-lite-cli": {
      "resolved": "packages/camel-lite-cli",
      "link": true
    },
    "node_modules/@alt-javascript/camel-lite-component-amqp": {
      "resolved": "packages/camel-lite-component-amqp",
      "link": true
    },
    "node_modules/@alt-javascript/camel-lite-component-cron": {
      "resolved": "packages/camel-lite-component-cron",
      "link": true
    },
    "node_modules/@alt-javascript/camel-lite-component-direct": {
      "resolved": "packages/camel-lite-component-direct",
      "link": true
    },
    "node_modules/@alt-javascript/camel-lite-component-file": {
      "resolved": "packages/camel-lite-component-file",
      "link": true
    },
    "node_modules/@alt-javascript/camel-lite-component-ftp": {
      "resolved": "packages/camel-lite-component-ftp",
      "link": true
    },
    "node_modules/@alt-javascript/camel-lite-component-http": {
      "resolved": "packages/camel-lite-component-http",
      "link": true
    },
    "node_modules/@alt-javascript/camel-lite-component-log": {
      "resolved": "packages/camel-lite-component-log",
      "link": true
    },
    "node_modules/@alt-javascript/camel-lite-component-master": {
      "resolved": "packages/camel-lite-component-master",
      "link": true
    },
    "node_modules/@alt-javascript/camel-lite-component-nosql": {
      "resolved": "packages/camel-lite-component-nosql",
      "link": true
    },
    "node_modules/@alt-javascript/camel-lite-component-seda": {
      "resolved": "packages/camel-lite-component-seda",
      "link": true
    },
    "node_modules/@alt-javascript/camel-lite-component-sql": {
      "resolved": "packages/camel-lite-component-sql",
      "link": true
    },
    "node_modules/@alt-javascript/camel-lite-component-timer": {
      "resolved": "packages/camel-lite-component-timer",
      "link": true
    },
    "node_modules/@alt-javascript/camel-lite-core": {
      "resolved": "packages/camel-lite-core",
      "link": true
    },
    "node_modules/@alt-javascript/cdi": {
      "version": "3.0.7",
      "license": "MIT",
      "dependencies": {
        "@alt-javascript/common": "3.0.7",
        "@alt-javascript/config": "3.0.7",
        "@alt-javascript/logger": "3.0.7"
      },
      "engines": {
        "node": ">=20"
      }
    },
    "node_modules/@alt-javascript/common": {
      "version": "3.0.7",
      "license": "MIT",
      "engines": {
        "node": ">=20"
      }
    },
    "node_modules/@alt-javascript/config": {
      "version": "3.0.7",
      "license": "MIT",
      "dependencies": {
        "@alt-javascript/common": "3.0.7",
        "@alt-javascript/jasypt": "^1.0.0",
        "js-yaml": "^4.1.0"
      },
      "engines": {
        "node": ">=20"
      }
    },
    "node_modules/@alt-javascript/example-boot-camel-lite-hono": {
      "resolved": "packages/example-boot-camel-lite-hono",
      "link": true
    },
    "node_modules/@alt-javascript/jasypt": {
      "version": "1.0.2",
      "license": "MIT",
      "dependencies": {
        "commander": "^2.20.0",
        "des.js": "^1.1.0"
      },
      "bin": {
        "jasypt": "bin/jasypt.js"
      }
    },
    "node_modules/@alt-javascript/jsnosqlc-core": {
      "version": "1.1.1",
      "license": "MIT"
    },
    "node_modules/@alt-javascript/jsnosqlc-memory": {
      "version": "1.1.1",
      "license": "MIT",
      "dependencies": {
        "@alt-javascript/jsnosqlc-core": "*"
      }
    },
    "node_modules/@alt-javascript/logger": {
      "version": "3.0.7",
      "license": "MIT",
      "dependencies": {
        "@alt-javascript/common": "3.0.7"
      },
      "engines": {
        "node": ">=20"
      }
    },
    "node_modules/amqplib": {
      "version": "0.10.9",
      "license": "MIT",
      "dependencies": {
        "buffer-more-ints": "~1.0.0",
        "url-parse": "~1.5.10"
      },
      "engines": {
        "node": ">=10"
      }
    },
    "node_modules/argparse": {
      "version": "2.0.1",
      "license": "Python-2.0"
    },
    "node_modules/async": {
      "version": "3.2.6",
      "license": "MIT"
    },
    "node_modules/basic-ftp": {
      "version": "5.2.0",
      "license": "MIT",
      "engines": {
        "node": ">=10.0.0"
      }
    },
    "node_modules/buffer-more-ints": {
      "version": "1.0.0",
      "license": "MIT"
    },
    "node_modules/commander": {
      "version": "2.20.3",
      "license": "MIT"
    },
    "node_modules/debug": {
      "version": "4.4.3",
      "license": "MIT",
      "dependencies": {
        "ms": "^2.1.3"
      },
      "engines": {
        "node": ">=6.0"
      },
      "peerDependenciesMeta": {
        "supports-color": {
          "optional": true
        }
      }
    },
    "node_modules/des.js": {
      "version": "1.1.0",
      "license": "MIT",
      "dependencies": {
        "inherits": "^2.0.1",
        "minimalistic-assert": "^1.0.0"
      }
    },
    "node_modules/inherits": {
      "version": "2.0.4",
      "license": "ISC"
    },
    "node_modules/js-yaml": {
      "version": "4.1.1",
      "license": "MIT",
      "dependencies": {
        "argparse": "^2.0.1"
      },
      "bin": {
        "js-yaml": "bin/js-yaml.js"
      }
    },
    "node_modules/minimalistic-assert": {
      "version": "1.0.1",
      "license": "ISC"
    },
    "node_modules/ms": {
      "version": "2.1.3",
      "license": "MIT"
    },
    "node_modules/node-cron": {
      "version": "4.2.1",
      "license": "ISC",
      "engines": {
        "node": ">=6.0.0"
      }
    },
    "node_modules/node-zookeeper-client": {
      "version": "1.1.3",
      "license": "MIT",
      "dependencies": {
        "async": "~3.2.3",
        "underscore": "~1.13.3"
      },
      "engines": {
        "node": ">=8.10.0"
      }
    },
    "node_modules/querystringify": {
      "version": "2.2.0",
      "license": "MIT"
    },
    "node_modules/requires-port": {
      "version": "1.0.0",
      "license": "MIT"
    },
    "node_modules/rhea": {
      "version": "3.0.4",
      "license": "Apache-2.0",
      "dependencies": {
        "debug": "^4.3.3"
      }
    },
    "node_modules/underscore": {
      "version": "1.13.8",
      "license": "MIT"
    },
    "node_modules/url-parse": {
      "version": "1.5.10",
      "license": "MIT",
      "dependencies": {
        "querystringify": "^2.1.1",
        "requires-port": "^1.0.0"
      }
    },
    "packages/boot-camel-lite-extras-starter": {
      "name": "@alt-javascript/boot-camel-lite-extras-starter",
      "version": "1.0.2",
      "dependencies": {
        "@alt-javascript/boot": "^3.0.7",
        "@alt-javascript/boot-camel-lite-starter": "1.0.2",
        "@alt-javascript/camel-lite-component-amqp": "1.0.2",
        "@alt-javascript/camel-lite-component-master": "1.0.2",
        "@alt-javascript/camel-lite-component-nosql": "1.0.2",
        "@alt-javascript/camel-lite-component-sql": "1.0.2",
        "@alt-javascript/camel-lite-core": "1.0.2",
        "@alt-javascript/cdi": "^3.0.7",
        "@alt-javascript/common": "^3.0.7",
        "@alt-javascript/config": "^3.0.7",
        "@alt-javascript/logger": "^3.0.7"
      }
    },
    "packages/boot-camel-lite-starter": {
      "name": "@alt-javascript/boot-camel-lite-starter",
      "version": "1.0.2",
      "dependencies": {
        "@alt-javascript/boot": "^3.0.7",
        "@alt-javascript/camel-lite-component-cron": "1.0.2",
        "@alt-javascript/camel-lite-component-direct": "1.0.2",
        "@alt-javascript/camel-lite-component-file": "1.0.2",
        "@alt-javascript/camel-lite-component-ftp": "1.0.2",
        "@alt-javascript/camel-lite-component-http": "1.0.2",
        "@alt-javascript/camel-lite-component-log": "1.0.2",
        "@alt-javascript/camel-lite-component-seda": "1.0.2",
        "@alt-javascript/camel-lite-component-timer": "1.0.2",
        "@alt-javascript/camel-lite-core": "1.0.2",
        "@alt-javascript/cdi": "^3.0.7",
        "@alt-javascript/common": "^3.0.7",
        "@alt-javascript/config": "^3.0.7",
        "@alt-javascript/logger": "^3.0.7"
      }
    },
    "packages/camel-lite-cli": {
      "name": "@alt-javascript/camel-lite-cli",
      "version": "1.0.2",
      "license": "MIT",
      "dependencies": {
        "@alt-javascript/camel-lite-component-amqp": "1.0.2",
        "@alt-javascript/camel-lite-component-cron": "1.0.2",
        "@alt-javascript/camel-lite-component-direct": "1.0.2",
        "@alt-javascript/camel-lite-component-file": "1.0.2",
        "@alt-javascript/camel-lite-component-ftp": "1.0.2",
        "@alt-javascript/camel-lite-component-http": "1.0.2",
        "@alt-javascript/camel-lite-component-log": "1.0.2",
        "@alt-javascript/camel-lite-component-master": "1.0.2",
        "@alt-javascript/camel-lite-component-nosql": "1.0.2",
        "@alt-javascript/camel-lite-component-seda": "1.0.2",
        "@alt-javascript/camel-lite-component-sql": "1.0.2",
        "@alt-javascript/camel-lite-component-timer": "1.0.2",
        "@alt-javascript/camel-lite-core": "1.0.2",
        "commander": "^12.0.0"
      },
      "bin": {
        "camel-lite": "bin/camel-lite.js"
      }
    },
    "packages/camel-lite-cli/node_modules/commander": {
      "version": "12.1.0",
      "license": "MIT",
      "engines": {
        "node": ">=18"
      }
    },
    "packages/camel-lite-component-amqp": {
      "name": "@alt-javascript/camel-lite-component-amqp",
      "version": "1.0.2",
      "dependencies": {
        "@alt-javascript/camel-lite-core": "1.0.2",
        "@alt-javascript/common": "^3.0.7",
        "@alt-javascript/config": "^3.0.7",
        "@alt-javascript/logger": "^3.0.7",
        "amqplib": "^0.10.0",
        "rhea": "^3.0.4"
      }
    },
    "packages/camel-lite-component-cron": {
      "name": "@alt-javascript/camel-lite-component-cron",
      "version": "1.0.2",
      "dependencies": {
        "@alt-javascript/camel-lite-core": "1.0.2",
        "@alt-javascript/common": "^3.0.7",
        "@alt-javascript/config": "^3.0.7",
        "@alt-javascript/logger": "^3.0.7",
        "node-cron": "^4.0.0"
      }
    },
    "packages/camel-lite-component-direct": {
      "name": "@alt-javascript/camel-lite-component-direct",
      "version": "1.0.2",
      "dependencies": {
        "@alt-javascript/camel-lite-core": "1.0.2",
        "@alt-javascript/common": "^3.0.7",
        "@alt-javascript/config": "^3.0.7",
        "@alt-javascript/logger": "^3.0.7"
      }
    },
    "packages/camel-lite-component-file": {
      "name": "@alt-javascript/camel-lite-component-file",
      "version": "1.0.2",
      "dependencies": {
        "@alt-javascript/camel-lite-core": "1.0.2",
        "@alt-javascript/common": "^3.0.7",
        "@alt-javascript/config": "^3.0.7",
        "@alt-javascript/logger": "^3.0.7"
      }
    },
    "packages/camel-lite-component-ftp": {
      "name": "@alt-javascript/camel-lite-component-ftp",
      "version": "1.0.2",
      "dependencies": {
        "@alt-javascript/camel-lite-core": "1.0.2",
        "@alt-javascript/common": "^3.0.7",
        "@alt-javascript/config": "^3.0.7",
        "@alt-javascript/logger": "^3.0.7",
        "basic-ftp": "^5.0.0"
      }
    },
    "packages/camel-lite-component-http": {
      "name": "@alt-javascript/camel-lite-component-http",
      "version": "1.0.2",
      "dependencies": {
        "@alt-javascript/camel-lite-core": "1.0.2",
        "@alt-javascript/common": "^3.0.7",
        "@alt-javascript/config": "^3.0.7",
        "@alt-javascript/logger": "^3.0.7"
      }
    },
    "packages/camel-lite-component-log": {
      "name": "@alt-javascript/camel-lite-component-log",
      "version": "1.0.2",
      "dependencies": {
        "@alt-javascript/camel-lite-core": "1.0.2",
        "@alt-javascript/common": "^3.0.7",
        "@alt-javascript/config": "^3.0.7",
        "@alt-javascript/logger": "^3.0.7"
      }
    },
    "packages/camel-lite-component-master": {
      "name": "@alt-javascript/camel-lite-component-master",
      "version": "1.0.2",
      "dependencies": {
        "@alt-javascript/camel-lite-core": "1.0.2",
        "@alt-javascript/common": "^3.0.7",
        "@alt-javascript/config": "^3.0.7",
        "@alt-javascript/logger": "^3.0.7",
        "node-zookeeper-client": "^1.1.3"
      }
    },
    "packages/camel-lite-component-nosql": {
      "name": "@alt-javascript/camel-lite-component-nosql",
      "version": "1.0.2",
      "dependencies": {
        "@alt-javascript/camel-lite-core": "1.0.2",
        "@alt-javascript/common": "^3.0.7",
        "@alt-javascript/config": "^3.0.7",
        "@alt-javascript/jsnosqlc-core": "^1.1.1",
        "@alt-javascript/jsnosqlc-memory": "^1.1.1",
        "@alt-javascript/logger": "^3.0.7"
      }
    },
    "packages/camel-lite-component-seda": {
      "name": "@alt-javascript/camel-lite-component-seda",
      "version": "1.0.2",
      "dependencies": {
        "@alt-javascript/camel-lite-core": "1.0.2",
        "@alt-javascript/common": "^3.0.7",
        "@alt-javascript/config": "^3.0.7",
        "@alt-javascript/logger": "^3.0.7"
      }
    },
    "packages/camel-lite-component-sql": {
      "name": "@alt-javascript/camel-lite-component-sql",
      "version": "1.0.2",
      "dependencies": {
        "@alt-javascript/camel-lite-core": "1.0.2",
        "@alt-javascript/common": "^3.0.7",
        "@alt-javascript/config": "^3.0.7",
        "@alt-javascript/logger": "^3.0.7"
      }
    },
    "packages/camel-lite-component-timer": {
      "name": "@alt-javascript/camel-lite-component-timer",
      "version": "1.0.2",
      "dependencies": {
        "@alt-javascript/camel-lite-core": "1.0.2",
        "@alt-javascript/common": "^3.0.7",
        "@alt-javascript/config": "^3.0.7",
        "@alt-javascript/logger": "^3.0.7"
      }
    },
    "packages/camel-lite-core": {
      "name": "@alt-javascript/camel-lite-core",
      "version": "1.0.2",
      "dependencies": {
        "@alt-javascript/common": "^3.0.7",
        "@alt-javascript/config": "^3.0.7",
        "@alt-javascript/logger": "^3.0.7",
        "js-yaml": "^4.1.0"
      },
      "devDependencies": {
        "@alt-javascript/camel-lite-component-direct": "1.0.2"
      }
    },
    "packages/example-boot-camel-lite-hono": {
      "name": "@alt-javascript/example-boot-camel-lite-hono",
      "version": "1.0.2",
      "dependencies": {
        "@alt-javascript/boot": "^3.0.7",
        "@alt-javascript/boot-camel-lite-extras-starter": "1.0.2",
        "@alt-javascript/boot-hono": "file:../../../boot/packages/boot-hono",
        "@alt-javascript/cdi": "^3.0.7",
        "@alt-javascript/common": "^3.0.7",
        "@alt-javascript/config": "^3.0.7",
        "@alt-javascript/logger": "^3.0.7"
      }
    }
  }
}
